# This file is automatically @generated by Cargo.
# It is not intended for manual editing.
version = 3

[[package]]
name = "cortex-a"
version = "7.0.0"
source = "registry+https://github.com/rust-lang/crates.io-index"
checksum = "b27f5d071b671f9799dfdf0c0afcec11de65195383d36e186639c83b00705e4f"
dependencies = [
 "tock-registers",
]

[[package]]
name = "mingo"
version = "0.13.0"
dependencies = [
 "cortex-a",
 "qemu-exit",
 "ruspiro-interrupt",
 "test-macros",
 "test-types",
 "tock-registers",
]

[[package]]
name = "paste"
version = "1.0.6"
source = "registry+https://github.com/rust-lang/crates.io-index"
checksum = "0744126afe1a6dd7f394cb50a716dbe086cb06e255e53d8d0185d82828358fb5"

[[package]]
name = "proc-macro2"
version = "1.0.29"
source = "registry+https://github.com/rust-lang/crates.io-index"
checksum = "b9f5105d4fdaab20335ca9565e106a5d9b82b6219b5ba735731124ac6711d23d"
dependencies = [
 "unicode-xid",
]

[[package]]
name = "qemu-exit"
version = "3.0.0"
source = "registry+https://github.com/rust-lang/crates.io-index"
checksum = "0e0fa04276d522a40ed717bf874183a3b2a8bbb3fb4c646b03a7eb874ce5d543"

[[package]]
name = "quote"
version = "1.0.10"
source = "registry+https://github.com/rust-lang/crates.io-index"
checksum = "38bc8cc6a5f2e3655e0899c1b848643b2562f853f114bfec7be120678e3ace05"
dependencies = [
 "proc-macro2",
]

[[package]]
name = "ruspiro-arch-aarch64"
version = "0.1.7"
source = "registry+https://github.com/rust-lang/crates.io-index"
checksum = "60ebe116b71a6c9c1253b2fce62e1337d714ce7dc3a5e78da87fc3e69e4c9407"
dependencies = [
 "ruspiro-register",
]

[[package]]
name = "ruspiro-channel"
version = "0.1.1"
source = "registry+https://github.com/rust-lang/crates.io-index"
checksum = "03089c61a4a2fc311b8a2b83cbba2cae31f83efe85e07bed256ac4564cdbac2b"
dependencies = [
 "ruspiro-arch-aarch64",
]

[[package]]
name = "ruspiro-interrupt"
version = "0.5.0"
source = "registry+https://github.com/rust-lang/crates.io-index"
checksum = "33da74e37369432706019c4516bef926f593a6e8279b817308667a89de43ccbd"
dependencies = [
 "paste",
 "ruspiro-arch-aarch64",
 "ruspiro-channel",
 "ruspiro-interrupt-macros",
 "ruspiro-mmio-register",
 "ruspiro-singleton",
]

[[package]]
name = "ruspiro-interrupt-macros"
version = "0.5.0"
source = "registry+https://github.com/rust-lang/crates.io-index"
checksum = "2c8dc334d64dd49393df1f56cfe8e78bf65481da81c783d85163162a889076e5"
dependencies = [
 "quote",
 "syn",
]

[[package]]
name = "ruspiro-lock"
version = "0.4.3"
source = "registry+https://github.com/rust-lang/crates.io-index"
checksum = "22833da3c9a3f659e42c695852b778affe48dc3566e5044da7c1db40495e65e9"

[[package]]
name = "ruspiro-mmio-register"
version = "0.1.4"
source = "registry+https://github.com/rust-lang/crates.io-index"
checksum = "f994b585def7c41d7241391e23fe0588ef2dfc06573512b7aa6f75024db06c84"
dependencies = [
 "ruspiro-register",
]

[[package]]
name = "ruspiro-register"
version = "0.5.5"
source = "registry+https://github.com/rust-lang/crates.io-index"
checksum = "6c398a7ffbb98aa0c91a4118eeb28fed510e58b02014e9020e269808e870fcf6"

[[package]]
name = "ruspiro-singleton"
version = "0.4.3"
source = "registry+https://github.com/rust-lang/crates.io-index"
checksum = "7b2c5eacce361d2fbe601ada9717c93ffbd8bd9670afe3eea9496bb993db19ed"
dependencies = [
 "ruspiro-lock",
]

[[package]]
name = "syn"
version = "1.0.80"
source = "registry+https://github.com/rust-lang/crates.io-index"
checksum = "d010a1623fbd906d51d650a9916aaefc05ffa0e4053ff7fe601167f3e715d194"
dependencies = [
 "proc-macro2",
 "quote",
 "unicode-xid",
]

[[package]]
name = "test-macros"
version = "0.1.0"
dependencies = [
 "proc-macro2",
 "quote",
 "syn",
 "test-types",
]

[[package]]
name = "test-types"
version = "0.1.0"

[[package]]
name = "tock-registers"
version = "0.7.0"
source = "registry+https://github.com/rust-lang/crates.io-index"
checksum = "4ee8fba06c1f4d0b396ef61a54530bb6b28f0dc61c38bc8bc5a5a48161e6282e"

[[package]]
name = "unicode-xid"
version = "0.2.2"
source = "registry+https://github.com/rust-lang/crates.io-index"
checksum = "8ccb82d61f80a663efe1f787a51b16b5a51e3314d6ac365b08639f52387b33f3"
